{
  "nodes": {
    "environment-variable": {
      "inputs": {
        "flake-utils": "flake-utils_2",
        "nixpkgs": "nixpkgs_2"
      },
      "locked": {
        "lastModified": 1729274595,
        "narHash": "sha256-l5C4bnsUQDxIGttIjihHgh0/a4G3ZTvW+U/qPDGHweI=",
        "owner": "viktordanek",
        "repo": "environment-variable",
        "rev": "db8d5948f78ffb7fc976b5f2d2981f38302dc5a7",
        "type": "github"
      },
      "original": {
        "owner": "viktordanek",
        "repo": "environment-variable",
        "type": "github"
      }
    },
    "flake-utils": {
      "inputs": {
        "systems": "systems"
      },
      "locked": {
        "lastModified": 1731533236,
        "narHash": "sha256-l0KFg5HjrsfsO/JpG+r7fRrqm12kzFHyUHqHCVpMMbI=",
        "owner": "numtide",
        "repo": "flake-utils",
        "rev": "11707dc2f618dd54ca8739b309ec4fc024de578b",
        "type": "github"
      },
      "original": {
        "owner": "numtide",
        "repo": "flake-utils",
        "type": "github"
      }
    },
    "flake-utils_2": {
      "inputs": {
        "systems": "systems_2"
      },
      "locked": {
        "lastModified": 1726560853,
        "narHash": "sha256-X6rJYSESBVr3hBoH0WbKE5KvhPU5bloyZ2L4K60/fPQ=",
        "owner": "numtide",
        "repo": "flake-utils",
        "rev": "c1dfcf08411b08f6b8615f7d8971a2bfa81d5e8a",
        "type": "github"
      },
      "original": {
        "owner": "numtide",
        "repo": "flake-utils",
        "type": "github"
      }
    },
    "flake-utils_3": {
      "inputs": {
        "systems": "systems_3"
      },
      "locked": {
        "lastModified": 1731533236,
        "narHash": "sha256-l0KFg5HjrsfsO/JpG+r7fRrqm12kzFHyUHqHCVpMMbI=",
        "owner": "numtide",
        "repo": "flake-utils",
        "rev": "11707dc2f618dd54ca8739b309ec4fc024de578b",
        "type": "github"
      },
      "original": {
        "owner": "numtide",
        "repo": "flake-utils",
        "type": "github"
      }
    },
    "flake-utils_4": {
      "inputs": {
        "systems": "systems_4"
      },
      "locked": {
        "lastModified": 1731533236,
        "narHash": "sha256-l0KFg5HjrsfsO/JpG+r7fRrqm12kzFHyUHqHCVpMMbI=",
        "owner": "numtide",
        "repo": "flake-utils",
        "rev": "11707dc2f618dd54ca8739b309ec4fc024de578b",
        "type": "github"
      },
      "original": {
        "owner": "numtide",
        "repo": "flake-utils",
        "type": "github"
      }
    },
    "flake-utils_5": {
      "inputs": {
        "systems": "systems_5"
      },
      "locked": {
        "lastModified": 1731533236,
        "narHash": "sha256-l0KFg5HjrsfsO/JpG+r7fRrqm12kzFHyUHqHCVpMMbI=",
        "owner": "numtide",
        "repo": "flake-utils",
        "rev": "11707dc2f618dd54ca8739b309ec4fc024de578b",
        "type": "github"
      },
      "original": {
        "owner": "numtide",
        "repo": "flake-utils",
        "type": "github"
      }
    },
    "flake-utils_6": {
      "inputs": {
        "systems": "systems_6"
      },
      "locked": {
        "lastModified": 1731533236,
        "narHash": "sha256-l0KFg5HjrsfsO/JpG+r7fRrqm12kzFHyUHqHCVpMMbI=",
        "owner": "numtide",
        "repo": "flake-utils",
        "rev": "11707dc2f618dd54ca8739b309ec4fc024de578b",
        "type": "github"
      },
      "original": {
        "owner": "numtide",
        "repo": "flake-utils",
        "type": "github"
      }
    },
    "nixpkgs": {
      "locked": {
        "lastModified": 1743364946,
        "narHash": "sha256-HhTr7M4olhJ1yKgNDXZWU9cGJuiZlETHqWbgPEjDECM=",
        "owner": "NixOs",
        "repo": "nixpkgs",
        "rev": "e5a816a541c9c5d52357cea12b5eb98503834025",
        "type": "github"
      },
      "original": {
        "owner": "NixOs",
        "repo": "nixpkgs",
        "type": "github"
      }
    },
    "nixpkgs_2": {
      "locked": {
        "lastModified": 1729271976,
        "narHash": "sha256-2vapEiVSlLjmQ8aa4wQ2yVDToRc0VxYLDqevMzRIfLA=",
        "owner": "NixOs",
        "repo": "nixpkgs",
        "rev": "c4a6d1bbde86f4caea10d672df73f1b0796bee7e",
        "type": "github"
      },
      "original": {
        "owner": "NixOs",
        "repo": "nixpkgs",
        "type": "github"
      }
    },
    "nixpkgs_3": {
      "locked": {
        "lastModified": 1743363225,
        "narHash": "sha256-eDHk/WHJThZJ5xWdp4buLFhxMC18uL0ak4pTw5HGssc=",
        "owner": "NixOs",
        "repo": "nixpkgs",
        "rev": "5f2e4984d075a388e4b7e3386dd24cb3ee95ec15",
        "type": "github"
      },
      "original": {
        "owner": "NixOs",
        "repo": "nixpkgs",
        "type": "github"
      }
    },
    "nixpkgs_4": {
      "locked": {
        "lastModified": 1740910189,
        "narHash": "sha256-uF4rTb5qMehgRUcwmjLOrnaXS5P0ngtbGE6DgfYHVBA=",
        "owner": "NixOs",
        "repo": "nixpkgs",
        "rev": "f176582204e095f1bd023a6f2f8aa8262eb8c045",
        "type": "github"
      },
      "original": {
        "owner": "NixOs",
        "repo": "nixpkgs",
        "type": "github"
      }
    },
    "nixpkgs_5": {
      "locked": {
        "lastModified": 1742483666,
        "narHash": "sha256-W1EuSk+UA0ZjA2tdZmXNSWb2ueNpkhX7USHoIHEbBZw=",
        "owner": "NixOs",
        "repo": "nixpkgs",
        "rev": "845be085d84b2d74822f83d58a09406057284a5f",
        "type": "github"
      },
      "original": {
        "owner": "NixOs",
        "repo": "nixpkgs",
        "type": "github"
      }
    },
    "nixpkgs_6": {
      "locked": {
        "lastModified": 1740910189,
        "narHash": "sha256-uF4rTb5qMehgRUcwmjLOrnaXS5P0ngtbGE6DgfYHVBA=",
        "owner": "NixOs",
        "repo": "nixpkgs",
        "rev": "f176582204e095f1bd023a6f2f8aa8262eb8c045",
        "type": "github"
      },
      "original": {
        "owner": "NixOs",
        "repo": "nixpkgs",
        "type": "github"
      }
    },
    "root": {
      "inputs": {
        "flake-utils": "flake-utils",
        "nixpkgs": "nixpkgs",
        "shell-script": "shell-script",
        "string": "string",
        "visitor": "visitor_2"
      }
    },
    "shell-script": {
      "inputs": {
        "environment-variable": "environment-variable",
        "flake-utils": "flake-utils_3",
        "nixpkgs": "nixpkgs_3",
        "visitor": "visitor"
      },
      "locked": {
        "lastModified": 1743363366,
        "narHash": "sha256-vvPmiMG2ELTyktDlT89yiO0eY/86REqrX07W+8jT/H0=",
        "owner": "viktordanek",
        "repo": "shell-script",
        "rev": "8677dd7ef2c21b0f4af47eeeea582f95697bffb2",
        "type": "github"
      },
      "original": {
        "owner": "viktordanek",
        "ref": "scratch/c8733ac4-470a-405f-9f06-6b02103ca3c0",
        "repo": "shell-script",
        "type": "github"
      }
    },
    "string": {
      "inputs": {
        "flake-utils": "flake-utils_5",
        "nixpkgs": "nixpkgs_5"
      },
      "locked": {
        "lastModified": 1742556191,
        "narHash": "sha256-OrHeHiCPibomGtVvPfenTB+sAxZTE+Oy18BW7oiilNQ=",
        "owner": "viktordanek",
        "repo": "string",
        "rev": "5ea5f27e5d5966988e0e0d5310f11ef5009a35ca",
        "type": "github"
      },
      "original": {
        "owner": "viktordanek",
        "repo": "string",
        "type": "github"
      }
    },
    "systems": {
      "locked": {
        "lastModified": 1681028828,
        "narHash": "sha256-Vy1rq5AaRuLzOxct8nz4T6wlgyUR7zLU309k9mBC768=",
        "owner": "nix-systems",
        "repo": "default",
        "rev": "da67096a3b9bf56a91d16901293e51ba5b49a27e",
        "type": "github"
      },
      "original": {
        "owner": "nix-systems",
        "repo": "default",
        "type": "github"
      }
    },
    "systems_2": {
      "locked": {
        "lastModified": 1681028828,
        "narHash": "sha256-Vy1rq5AaRuLzOxct8nz4T6wlgyUR7zLU309k9mBC768=",
        "owner": "nix-systems",
        "repo": "default",
        "rev": "da67096a3b9bf56a91d16901293e51ba5b49a27e",
        "type": "github"
      },
      "original": {
        "owner": "nix-systems",
        "repo": "default",
        "type": "github"
      }
    },
    "systems_3": {
      "locked": {
        "lastModified": 1681028828,
        "narHash": "sha256-Vy1rq5AaRuLzOxct8nz4T6wlgyUR7zLU309k9mBC768=",
        "owner": "nix-systems",
        "repo": "default",
        "rev": "da67096a3b9bf56a91d16901293e51ba5b49a27e",
        "type": "github"
      },
      "original": {
        "owner": "nix-systems",
        "repo": "default",
        "type": "github"
      }
    },
    "systems_4": {
      "locked": {
        "lastModified": 1681028828,
        "narHash": "sha256-Vy1rq5AaRuLzOxct8nz4T6wlgyUR7zLU309k9mBC768=",
        "owner": "nix-systems",
        "repo": "default",
        "rev": "da67096a3b9bf56a91d16901293e51ba5b49a27e",
        "type": "github"
      },
      "original": {
        "owner": "nix-systems",
        "repo": "default",
        "type": "github"
      }
    },
    "systems_5": {
      "locked": {
        "lastModified": 1681028828,
        "narHash": "sha256-Vy1rq5AaRuLzOxct8nz4T6wlgyUR7zLU309k9mBC768=",
        "owner": "nix-systems",
        "repo": "default",
        "rev": "da67096a3b9bf56a91d16901293e51ba5b49a27e",
        "type": "github"
      },
      "original": {
        "owner": "nix-systems",
        "repo": "default",
        "type": "github"
      }
    },
    "systems_6": {
      "locked": {
        "lastModified": 1681028828,
        "narHash": "sha256-Vy1rq5AaRuLzOxct8nz4T6wlgyUR7zLU309k9mBC768=",
        "owner": "nix-systems",
        "repo": "default",
        "rev": "da67096a3b9bf56a91d16901293e51ba5b49a27e",
        "type": "github"
      },
      "original": {
        "owner": "nix-systems",
        "repo": "default",
        "type": "github"
      }
    },
    "visitor": {
      "inputs": {
        "flake-utils": "flake-utils_4",
        "nixpkgs": "nixpkgs_4"
      },
      "locked": {
        "lastModified": 1741027696,
        "narHash": "sha256-HDRd9wk9FSscn5wqpl88mkvTEuZs6g6Y8AxOR5x6fIo=",
        "owner": "viktordanek",
        "repo": "visitor",
        "rev": "d94cc9175c04060ad9f1c94faf8ffed9a3215dcf",
        "type": "github"
      },
      "original": {
        "owner": "viktordanek",
        "repo": "visitor",
        "type": "github"
      }
    },
    "visitor_2": {
      "inputs": {
        "flake-utils": "flake-utils_6",
        "nixpkgs": "nixpkgs_6"
      },
      "locked": {
        "lastModified": 1741027696,
        "narHash": "sha256-HDRd9wk9FSscn5wqpl88mkvTEuZs6g6Y8AxOR5x6fIo=",
        "owner": "viktordanek",
        "repo": "visitor",
        "rev": "d94cc9175c04060ad9f1c94faf8ffed9a3215dcf",
        "type": "github"
      },
      "original": {
        "owner": "viktordanek",
        "repo": "visitor",
        "type": "github"
      }
    }
  },
  "root": "root",
  "version": 7
}
