{
  "nodes": {
    "flake-utils": {
      "inputs": {
        "systems": "systems"
      },
      "locked": {
        "lastModified": 1731533236,
        "narHash": "sha256-l0KFg5HjrsfsO/JpG+r7fRrqm12kzFHyUHqHCVpMMbI=",
        "owner": "numtide",
        "repo": "flake-utils",
        "rev": "11707dc2f618dd54ca8739b309ec4fc024de578b",
        "type": "github"
      },
      "original": {
        "owner": "numtide",
        "repo": "flake-utils",
        "type": "github"
      }
    },
    "flake-utils_2": {
      "inputs": {
        "systems": "systems_2"
      },
      "locked": {
        "lastModified": 1731533236,
        "narHash": "sha256-l0KFg5HjrsfsO/JpG+r7fRrqm12kzFHyUHqHCVpMMbI=",
        "owner": "numtide",
        "repo": "flake-utils",
        "rev": "11707dc2f618dd54ca8739b309ec4fc024de578b",
        "type": "github"
      },
      "original": {
        "owner": "numtide",
        "repo": "flake-utils",
        "type": "github"
      }
    },
    "flake-utils_3": {
      "inputs": {
        "systems": "systems_3"
      },
      "locked": {
        "lastModified": 1731533236,
        "narHash": "sha256-l0KFg5HjrsfsO/JpG+r7fRrqm12kzFHyUHqHCVpMMbI=",
        "owner": "numtide",
        "repo": "flake-utils",
        "rev": "11707dc2f618dd54ca8739b309ec4fc024de578b",
        "type": "github"
      },
      "original": {
        "owner": "numtide",
        "repo": "flake-utils",
        "type": "github"
      }
    },
    "flake-utils_4": {
      "inputs": {
        "systems": "systems_4"
      },
      "locked": {
        "lastModified": 1731533236,
        "narHash": "sha256-l0KFg5HjrsfsO/JpG+r7fRrqm12kzFHyUHqHCVpMMbI=",
        "owner": "numtide",
        "repo": "flake-utils",
        "rev": "11707dc2f618dd54ca8739b309ec4fc024de578b",
        "type": "github"
      },
      "original": {
        "owner": "numtide",
        "repo": "flake-utils",
        "type": "github"
      }
    },
    "nixpkgs": {
      "locked": {
        "lastModified": 1734273184,
        "narHash": "sha256-mjY1ILjpKY4CRmXut+HEdEBprerA13kjpO6ZnMajU+g=",
        "owner": "NixOs",
        "repo": "nixpkgs",
        "rev": "1862db4f06ae3421575003eaa2ae447461d7d480",
        "type": "github"
      },
      "original": {
        "owner": "NixOs",
        "repo": "nixpkgs",
        "type": "github"
      }
    },
    "nixpkgs_2": {
      "locked": {
        "lastModified": 1741030477,
        "narHash": "sha256-Oi/6rCV/ac720evZD+EtSsopGGpSIFBSUNe9AT+RN8M=",
        "owner": "NixOs",
        "repo": "nixpkgs",
        "rev": "5029b3fe773e005fdc4c2a0b9d7db49f1972df1a",
        "type": "github"
      },
      "original": {
        "owner": "NixOs",
        "repo": "nixpkgs",
        "type": "github"
      }
    },
    "nixpkgs_3": {
      "locked": {
        "lastModified": 1740910189,
        "narHash": "sha256-uF4rTb5qMehgRUcwmjLOrnaXS5P0ngtbGE6DgfYHVBA=",
        "owner": "NixOs",
        "repo": "nixpkgs",
        "rev": "f176582204e095f1bd023a6f2f8aa8262eb8c045",
        "type": "github"
      },
      "original": {
        "owner": "NixOs",
        "repo": "nixpkgs",
        "type": "github"
      }
    },
    "nixpkgs_4": {
      "locked": {
        "lastModified": 1740910189,
        "narHash": "sha256-uF4rTb5qMehgRUcwmjLOrnaXS5P0ngtbGE6DgfYHVBA=",
        "owner": "NixOs",
        "repo": "nixpkgs",
        "rev": "f176582204e095f1bd023a6f2f8aa8262eb8c045",
        "type": "github"
      },
      "original": {
        "owner": "NixOs",
        "repo": "nixpkgs",
        "type": "github"
      }
    },
    "root": {
      "inputs": {
        "flake-utils": "flake-utils",
        "nixpkgs": "nixpkgs",
        "shell-script": "shell-script",
        "visitor": "visitor_2"
      }
    },
    "shell-script": {
      "inputs": {
        "flake-utils": "flake-utils_2",
        "nixpkgs": "nixpkgs_2",
        "visitor": "visitor"
      },
      "locked": {
        "lastModified": 1741404379,
        "narHash": "sha256-nTbsUbElVyrOZSFuesrG/9BiyhX6rnZqBuTNPtuNplw=",
        "owner": "viktordanek",
        "repo": "shell-script",
        "rev": "c9c1c928570b766c5e77fec9307a9a76fc6f775f",
        "type": "github"
      },
      "original": {
        "owner": "viktordanek",
        "repo": "shell-script",
        "type": "github"
      }
    },
    "systems": {
      "locked": {
        "lastModified": 1681028828,
        "narHash": "sha256-Vy1rq5AaRuLzOxct8nz4T6wlgyUR7zLU309k9mBC768=",
        "owner": "nix-systems",
        "repo": "default",
        "rev": "da67096a3b9bf56a91d16901293e51ba5b49a27e",
        "type": "github"
      },
      "original": {
        "owner": "nix-systems",
        "repo": "default",
        "type": "github"
      }
    },
    "systems_2": {
      "locked": {
        "lastModified": 1681028828,
        "narHash": "sha256-Vy1rq5AaRuLzOxct8nz4T6wlgyUR7zLU309k9mBC768=",
        "owner": "nix-systems",
        "repo": "default",
        "rev": "da67096a3b9bf56a91d16901293e51ba5b49a27e",
        "type": "github"
      },
      "original": {
        "owner": "nix-systems",
        "repo": "default",
        "type": "github"
      }
    },
    "systems_3": {
      "locked": {
        "lastModified": 1681028828,
        "narHash": "sha256-Vy1rq5AaRuLzOxct8nz4T6wlgyUR7zLU309k9mBC768=",
        "owner": "nix-systems",
        "repo": "default",
        "rev": "da67096a3b9bf56a91d16901293e51ba5b49a27e",
        "type": "github"
      },
      "original": {
        "owner": "nix-systems",
        "repo": "default",
        "type": "github"
      }
    },
    "systems_4": {
      "locked": {
        "lastModified": 1681028828,
        "narHash": "sha256-Vy1rq5AaRuLzOxct8nz4T6wlgyUR7zLU309k9mBC768=",
        "owner": "nix-systems",
        "repo": "default",
        "rev": "da67096a3b9bf56a91d16901293e51ba5b49a27e",
        "type": "github"
      },
      "original": {
        "owner": "nix-systems",
        "repo": "default",
        "type": "github"
      }
    },
    "visitor": {
      "inputs": {
        "flake-utils": "flake-utils_3",
        "nixpkgs": "nixpkgs_3"
      },
      "locked": {
        "lastModified": 1741027696,
        "narHash": "sha256-HDRd9wk9FSscn5wqpl88mkvTEuZs6g6Y8AxOR5x6fIo=",
        "owner": "viktordanek",
        "repo": "visitor",
        "rev": "d94cc9175c04060ad9f1c94faf8ffed9a3215dcf",
        "type": "github"
      },
      "original": {
        "owner": "viktordanek",
        "repo": "visitor",
        "type": "github"
      }
    },
    "visitor_2": {
      "inputs": {
        "flake-utils": "flake-utils_4",
        "nixpkgs": "nixpkgs_4"
      },
      "locked": {
        "lastModified": 1741027696,
        "narHash": "sha256-HDRd9wk9FSscn5wqpl88mkvTEuZs6g6Y8AxOR5x6fIo=",
        "owner": "viktordanek",
        "repo": "visitor",
        "rev": "d94cc9175c04060ad9f1c94faf8ffed9a3215dcf",
        "type": "github"
      },
      "original": {
        "owner": "viktordanek",
        "repo": "visitor",
        "type": "github"
      }
    }
  },
  "root": "root",
  "version": 7
}
